// !$*UTF8*$!
{
	archiveVersion = 1;
	classes = {
	};
	objectVersion = 48;
	objects = {

/* Begin PBXBuildFile section */
		96D9B9F442FE4F059B65F31E /* libPods-QNAPhotoBrowser.a in Frameworks */ = {isa = PBXBuildFile; fileRef = 0230F18750B763B03D9BEE54 /* libPods-QNAPhotoBrowser.a */; };
		9BCAA1AC20339AD300F86BCF /* QNAPhotoBrowserTableViewController.m in Sources */ = {isa = PBXBuildFile; fileRef = 9BCAA1AB20339AD300F86BCF /* QNAPhotoBrowserTableViewController.m */; };
		9BCAA1AF20339D2B00F86BCF /* QNAPhotoTableViewCell.m in Sources */ = {isa = PBXBuildFile; fileRef = 9BCAA1AE20339D2B00F86BCF /* QNAPhotoTableViewCell.m */; };
		9BCAA1BB2033B80E00F86BCF /* QNAPhotoRecord.m in Sources */ = {isa = PBXBuildFile; fileRef = 9BCAA1BA2033B80E00F86BCF /* QNAPhotoRecord.m */; };
		9BCAA1BE2033BC3100F86BCF /* QNADataManager.m in Sources */ = {isa = PBXBuildFile; fileRef = 9BCAA1BD2033BC3100F86BCF /* QNADataManager.m */; };
		9BF8F28620338F3B00525B19 /* AppDelegate.m in Sources */ = {isa = PBXBuildFile; fileRef = 9BF8F28520338F3B00525B19 /* AppDelegate.m */; };
		9BF8F28920338F3B00525B19 /* ViewController.m in Sources */ = {isa = PBXBuildFile; fileRef = 9BF8F28820338F3B00525B19 /* ViewController.m */; };
		9BF8F28C20338F3B00525B19 /* Main.storyboard in Resources */ = {isa = PBXBuildFile; fileRef = 9BF8F28A20338F3B00525B19 /* Main.storyboard */; };
		9BF8F28E20338F3B00525B19 /* Assets.xcassets in Resources */ = {isa = PBXBuildFile; fileRef = 9BF8F28D20338F3B00525B19 /* Assets.xcassets */; };
		9BF8F29120338F3B00525B19 /* LaunchScreen.storyboard in Resources */ = {isa = PBXBuildFile; fileRef = 9BF8F28F20338F3B00525B19 /* LaunchScreen.storyboard */; };
		9BF8F29420338F3B00525B19 /* main.m in Sources */ = {isa = PBXBuildFile; fileRef = 9BF8F29320338F3B00525B19 /* main.m */; };
/* End PBXBuildFile section */

/* Begin PBXFileReference section */
		0230F18750B763B03D9BEE54 /* libPods-QNAPhotoBrowser.a */ = {isa = PBXFileReference; explicitFileType = archive.ar; includeInIndex = 0; path = "libPods-QNAPhotoBrowser.a"; sourceTree = BUILT_PRODUCTS_DIR; };
		1CAE5B4831153104DB22D069 /* Pods-QNAPhotoBrowser.release.xcconfig */ = {isa = PBXFileReference; includeInIndex = 1; lastKnownFileType = text.xcconfig; name = "Pods-QNAPhotoBrowser.release.xcconfig"; path = "Pods/Target Support Files/Pods-QNAPhotoBrowser/Pods-QNAPhotoBrowser.release.xcconfig"; sourceTree = "<group>"; };
		8B18D71DF17512EE10746132 /* Pods-QNAPhotoBrowser.debug.xcconfig */ = {isa = PBXFileReference; includeInIndex = 1; lastKnownFileType = text.xcconfig; name = "Pods-QNAPhotoBrowser.debug.xcconfig"; path = "Pods/Target Support Files/Pods-QNAPhotoBrowser/Pods-QNAPhotoBrowser.debug.xcconfig"; sourceTree = "<group>"; };
		9BCAA1AA20339AD300F86BCF /* QNAPhotoBrowserTableViewController.h */ = {isa = PBXFileReference; lastKnownFileType = sourcecode.c.h; path = QNAPhotoBrowserTableViewController.h; sourceTree = "<group>"; };
		9BCAA1AB20339AD300F86BCF /* QNAPhotoBrowserTableViewController.m */ = {isa = PBXFileReference; lastKnownFileType = sourcecode.c.objc; path = QNAPhotoBrowserTableViewController.m; sourceTree = "<group>"; };
		9BCAA1AD20339D2B00F86BCF /* QNAPhotoTableViewCell.h */ = {isa = PBXFileReference; lastKnownFileType = sourcecode.c.h; path = QNAPhotoTableViewCell.h; sourceTree = "<group>"; };
		9BCAA1AE20339D2B00F86BCF /* QNAPhotoTableViewCell.m */ = {isa = PBXFileReference; lastKnownFileType = sourcecode.c.objc; path = QNAPhotoTableViewCell.m; sourceTree = "<group>"; };
		9BCAA1B92033B80E00F86BCF /* QNAPhotoRecord.h */ = {isa = PBXFileReference; lastKnownFileType = sourcecode.c.h; path = QNAPhotoRecord.h; sourceTree = "<group>"; };
		9BCAA1BA2033B80E00F86BCF /* QNAPhotoRecord.m */ = {isa = PBXFileReference; lastKnownFileType = sourcecode.c.objc; path = QNAPhotoRecord.m; sourceTree = "<group>"; };
		9BCAA1BC2033BC3100F86BCF /* QNADataManager.h */ = {isa = PBXFileReference; lastKnownFileType = sourcecode.c.h; path = QNADataManager.h; sourceTree = "<group>"; };
		9BCAA1BD2033BC3100F86BCF /* QNADataManager.m */ = {isa = PBXFileReference; lastKnownFileType = sourcecode.c.objc; path = QNADataManager.m; sourceTree = "<group>"; };
		9BF8F28120338F3B00525B19 /* QNAPhotoBrowser.app */ = {isa = PBXFileReference; explicitFileType = wrapper.application; includeInIndex = 0; path = QNAPhotoBrowser.app; sourceTree = BUILT_PRODUCTS_DIR; };
		9BF8F28420338F3B00525B19 /* AppDelegate.h */ = {isa = PBXFileReference; lastKnownFileType = sourcecode.c.h; path = AppDelegate.h; sourceTree = "<group>"; };
		9BF8F28520338F3B00525B19 /* AppDelegate.m */ = {isa = PBXFileReference; lastKnownFileType = sourcecode.c.objc; path = AppDelegate.m; sourceTree = "<group>"; };
		9BF8F28720338F3B00525B19 /* ViewController.h */ = {isa = PBXFileReference; lastKnownFileType = sourcecode.c.h; path = ViewController.h; sourceTree = "<group>"; };
		9BF8F28820338F3B00525B19 /* ViewController.m */ = {isa = PBXFileReference; lastKnownFileType = sourcecode.c.objc; path = ViewController.m; sourceTree = "<group>"; };
		9BF8F28B20338F3B00525B19 /* Base */ = {isa = PBXFileReference; lastKnownFileType = file.storyboard; name = Base; path = Base.lproj/Main.storyboard; sourceTree = "<group>"; };
		9BF8F28D20338F3B00525B19 /* Assets.xcassets */ = {isa = PBXFileReference; lastKnownFileType = folder.assetcatalog; path = Assets.xcassets; sourceTree = "<group>"; };
		9BF8F29020338F3B00525B19 /* Base */ = {isa = PBXFileReference; lastKnownFileType = file.storyboard; name = Base; path = Base.lproj/LaunchScreen.storyboard; sourceTree = "<group>"; };
		9BF8F29220338F3B00525B19 /* Info.plist */ = {isa = PBXFileReference; lastKnownFileType = text.plist.xml; path = Info.plist; sourceTree = "<group>"; };
		9BF8F29320338F3B00525B19 /* main.m */ = {isa = PBXFileReference; lastKnownFileType = sourcecode.c.objc; path = main.m; sourceTree = "<group>"; };
/* End PBXFileReference section */

/* Begin PBXFrameworksBuildPhase section */
		9BF8F27E20338F3B00525B19 /* Frameworks */ = {
			isa = PBXFrameworksBuildPhase;
			buildActionMask = 2147483647;
			files = (
				96D9B9F442FE4F059B65F31E /* libPods-QNAPhotoBrowser.a in Frameworks */,
			);
			runOnlyForDeploymentPostprocessing = 0;
		};
/* End PBXFrameworksBuildPhase section */

/* Begin PBXGroup section */
		1113EC2D64AFE6B3E28AD687 /* Frameworks */ = {
			isa = PBXGroup;
			children = (
				0230F18750B763B03D9BEE54 /* libPods-QNAPhotoBrowser.a */,
			);
			name = Frameworks;
			sourceTree = "<group>";
		};
		9BF8F27820338F3B00525B19 = {
			isa = PBXGroup;
			children = (
				9BF8F28320338F3B00525B19 /* QNAPhotoBrowser */,
				9BF8F28220338F3B00525B19 /* Products */,
				C8870251E9BBE4D5C318B0DB /* Pods */,
				1113EC2D64AFE6B3E28AD687 /* Frameworks */,
			);
			sourceTree = "<group>";
		};
		9BF8F28220338F3B00525B19 /* Products */ = {
			isa = PBXGroup;
			children = (
				9BF8F28120338F3B00525B19 /* QNAPhotoBrowser.app */,
			);
			name = Products;
			sourceTree = "<group>";
		};
		9BF8F28320338F3B00525B19 /* QNAPhotoBrowser */ = {
			isa = PBXGroup;
			children = (
				9BF8F28420338F3B00525B19 /* AppDelegate.h */,
				9BF8F28520338F3B00525B19 /* AppDelegate.m */,
				9BF8F28720338F3B00525B19 /* ViewController.h */,
				9BF8F28820338F3B00525B19 /* ViewController.m */,
				9BCAA1AA20339AD300F86BCF /* QNAPhotoBrowserTableViewController.h */,
				9BCAA1AB20339AD300F86BCF /* QNAPhotoBrowserTableViewController.m */,
				9BCAA1BC2033BC3100F86BCF /* QNADataManager.h */,
				9BCAA1BD2033BC3100F86BCF /* QNADataManager.m */,
				9BCAA1AD20339D2B00F86BCF /* QNAPhotoTableViewCell.h */,
				9BCAA1AE20339D2B00F86BCF /* QNAPhotoTableViewCell.m */,
				9BCAA1B92033B80E00F86BCF /* QNAPhotoRecord.h */,
				9BCAA1BA2033B80E00F86BCF /* QNAPhotoRecord.m */,
				9BF8F28A20338F3B00525B19 /* Main.storyboard */,
				9BF8F28D20338F3B00525B19 /* Assets.xcassets */,
				9BF8F28F20338F3B00525B19 /* LaunchScreen.storyboard */,
				9BF8F29220338F3B00525B19 /* Info.plist */,
				9BF8F29320338F3B00525B19 /* main.m */,
			);
			path = QNAPhotoBrowser;
			sourceTree = "<group>";
		};
		C8870251E9BBE4D5C318B0DB /* Pods */ = {
			isa = PBXGroup;
			children = (
				8B18D71DF17512EE10746132 /* Pods-QNAPhotoBrowser.debug.xcconfig */,
				1CAE5B4831153104DB22D069 /* Pods-QNAPhotoBrowser.release.xcconfig */,
			);
			name = Pods;
			sourceTree = "<group>";
		};
/* End PBXGroup section */

/* Begin PBXNativeTarget section */
		9BF8F28020338F3B00525B19 /* QNAPhotoBrowser */ = {
			isa = PBXNativeTarget;
			buildConfigurationList = 9BF8F29720338F3B00525B19 /* Build configuration list for PBXNativeTarget "QNAPhotoBrowser" */;
			buildPhases = (
				00CA42C859FCB28DDCDE6FC1 /* [CP] Check Pods Manifest.lock */,
				9BF8F27D20338F3B00525B19 /* Sources */,
				9BF8F27E20338F3B00525B19 /* Frameworks */,
				9BF8F27F20338F3B00525B19 /* Resources */,
				9D3500D34320E8C8482FEA32 /* [CP] Embed Pods Frameworks */,
				F7F17E425F2800E57B59539E /* [CP] Copy Pods Resources */,
			);
			buildRules = (
			);
			dependencies = (
			);
			name = QNAPhotoBrowser;
			productName = QNAPhotoBrowser;
			productReference = 9BF8F28120338F3B00525B19 /* QNAPhotoBrowser.app */;
			productType = "com.apple.product-type.application";
		};
/* End PBXNativeTarget section */

/* Begin PBXProject section */
		9BF8F27920338F3B00525B19 /* Project object */ = {
			isa = PBXProject;
			attributes = {
				LastUpgradeCheck = 0920;
				ORGANIZATIONNAME = queenahu;
				TargetAttributes = {
					9BF8F28020338F3B00525B19 = {
						CreatedOnToolsVersion = 9.2;
						ProvisioningStyle = Automatic;
					};
				};
			};
			buildConfigurationList = 9BF8F27C20338F3B00525B19 /* Build configuration list for PBXProject "QNAPhotoBrowser" */;
			compatibilityVersion = "Xcode 8.0";
			developmentRegion = en;
			hasScannedForEncodings = 0;
			knownRegions = (
				en,
				Base,
			);
			mainGroup = 9BF8F27820338F3B00525B19;
			productRefGroup = 9BF8F28220338F3B00525B19 /* Products */;
			projectDirPath = "";
			projectRoot = "";
			targets = (
				9BF8F28020338F3B00525B19 /* QNAPhotoBrowser */,
			);
		};
/* End PBXProject section */

/* Begin PBXResourcesBuildPhase section */
		9BF8F27F20338F3B00525B19 /* Resources */ = {
			isa = PBXResourcesBuildPhase;
			buildActionMask = 2147483647;
			files = (
				9BF8F29120338F3B00525B19 /* LaunchScreen.storyboard in Resources */,
				9BF8F28E20338F3B00525B19 /* Assets.xcassets in Resources */,
				9BF8F28C20338F3B00525B19 /* Main.storyboard in Resources */,
			);
			runOnlyForDeploymentPostprocessing = 0;
		};
/* End PBXResourcesBuildPhase section */

/* Begin PBXShellScriptBuildPhase section */
		00CA42C859FCB28DDCDE6FC1 /* [CP] Check Pods Manifest.lock */ = {
			isa = PBXShellScriptBuildPhase;
			buildActionMask = 2147483647;
			files = (
			);
			inputPaths = (
				"${PODS_PODFILE_DIR_PATH}/Podfile.lock",
				"${PODS_ROOT}/Manifest.lock",
			);
			name = "[CP] Check Pods Manifest.lock";
			outputPaths = (
				"$(DERIVED_FILE_DIR)/Pods-QNAPhotoBrowser-checkManifestLockResult.txt",
			);
			runOnlyForDeploymentPostprocessing = 0;
			shellPath = /bin/sh;
			shellScript = "diff \"${PODS_PODFILE_DIR_PATH}/Podfile.lock\" \"${PODS_ROOT}/Manifest.lock\" > /dev/null\nif [ $? != 0 ] ; then\n    # print error to STDERR\n    echo \"error: The sandbox is not in sync with the Podfile.lock. Run 'pod install' or update your CocoaPods installation.\" >&2\n    exit 1\nfi\n# This output is used by Xcode 'outputs' to avoid re-running this script phase.\necho \"SUCCESS\" > \"${SCRIPT_OUTPUT_FILE_0}\"\n";
			showEnvVarsInLog = 0;
		};
		9D3500D34320E8C8482FEA32 /* [CP] Embed Pods Frameworks */ = {
			isa = PBXShellScriptBuildPhase;
			buildActionMask = 2147483647;
			files = (
			);
			inputPaths = (
			);
			name = "[CP] Embed Pods Frameworks";
			outputPaths = (
			);
			runOnlyForDeploymentPostprocessing = 0;
			shellPath = /bin/sh;
			shellScript = "\"${SRCROOT}/Pods/Target Support Files/Pods-QNAPhotoBrowser/Pods-QNAPhotoBrowser-frameworks.sh\"\n";
			showEnvVarsInLog = 0;
		};
		F7F17E425F2800E57B59539E /* [CP] Copy Pods Resources */ = {
			isa = PBXShellScriptBuildPhase;
			buildActionMask = 2147483647;
			files = (
			);
			inputPaths = (
			);
			name = "[CP] Copy Pods Resources";
			outputPaths = (
			);
			runOnlyForDeploymentPostprocessing = 0;
			shellPath = /bin/sh;
			shellScript = "\"${SRCROOT}/Pods/Target Support Files/Pods-QNAPhotoBrowser/Pods-QNAPhotoBrowser-resources.sh\"\n";
			showEnvVarsInLog = 0;
		};
/* End PBXShellScriptBuildPhase section */

/* Begin PBXSourcesBuildPhase section */
		9BF8F27D20338F3B00525B19 /* Sources */ = {
			isa = PBXSourcesBuildPhase;
			buildActionMask = 2147483647;
			files = (
				9BCAA1AF20339D2B00F86BCF /* QNAPhotoTableViewCell.m in Sources */,
				9BCAA1BE2033BC3100F86BCF /* QNADataManager.m in Sources */,
				9BCAA1AC20339AD300F86BCF /* QNAPhotoBrowserTableViewController.m in Sources */,
				9BF8F28920338F3B00525B19 /* ViewController.m in Sources */,
				9BF8F29420338F3B00525B19 /* main.m in Sources */,
				9BCAA1BB2033B80E00F86BCF /* QNAPhotoRecord.m in Sources */,
				9BF8F28620338F3B00525B19 /* AppDelegate.m in Sources */,
			);
			runOnlyForDeploymentPostprocessing = 0;
		};
/* End PBXSourcesBuildPhase section */

/* Begin PBXVariantGroup section */
		9BF8F28A20338F3B00525B19 /* Main.storyboard */ = {
			isa = PBXVariantGroup;
			children = (
				9BF8F28B20338F3B00525B19 /* Base */,
			);
			name = Main.storyboard;
			sourceTree = "<group>";
		};
		9BF8F28F20338F3B00525B19 /* LaunchScreen.storyboard */ = {
			isa = PBXVariantGroup;
			children = (
				9BF8F29020338F3B00525B19 /* Base */,
			);
			name = LaunchScreen.storyboard;
			sourceTree = "<group>";
		};
/* End PBXVariantGroup section */

/* Begin XCBuildConfiguration section */
		9BF8F29520338F3B00525B19 /* Debug */ = {
			isa = XCBuildConfiguration;
			buildSettings = {
				ALWAYS_SEARCH_USER_PATHS = NO;
				CLANG_ANALYZER_NONNULL = YES;
				CLANG_ANALYZER_NUMBER_OBJECT_CONVERSION = YES_AGGRESSIVE;
				CLANG_CXX_LANGUAGE_STANDARD = "gnu++14";
				CLANG_CXX_LIBRARY = "libc++";
				CLANG_ENABLE_MODULES = YES;
				CLANG_ENABLE_OBJC_ARC = YES;
				CLANG_WARN_BLOCK_CAPTURE_AUTORELEASING = YES;
				CLANG_WARN_BOOL_CONVERSION = YES;
				CLANG_WARN_COMMA = YES;
				CLANG_WARN_CONSTANT_CONVERSION = YES;
				CLANG_WARN_DIRECT_OBJC_ISA_USAGE = YES_ERROR;
				CLANG_WARN_DOCUMENTATION_COMMENTS = YES;
				CLANG_WARN_EMPTY_BODY = YES;
				CLANG_WARN_ENUM_CONVERSION = YES;
				CLANG_WARN_INFINITE_RECURSION = YES;
				CLANG_WARN_INT_CONVERSION = YES;
				CLANG_WARN_NON_LITERAL_NULL_CONVERSION = YES;
				CLANG_WARN_OBJC_LITERAL_CONVERSION = YES;
				CLANG_WARN_OBJC_ROOT_CLASS = YES_ERROR;
				CLANG_WARN_RANGE_LOOP_ANALYSIS = YES;
				CLANG_WARN_STRICT_PROTOTYPES = YES;
				CLANG_WARN_SUSPICIOUS_MOVE = YES;
				CLANG_WARN_UNGUARDED_AVAILABILITY = YES_AGGRESSIVE;
				CLANG_WARN_UNREACHABLE_CODE = YES;
				CLANG_WARN__DUPLICATE_METHOD_MATCH = YES;
				CODE_SIGN_IDENTITY = "iPhone Developer";
				COPY_PHASE_STRIP = NO;
				DEBUG_INFORMATION_FORMAT = dwarf;
				ENABLE_STRICT_OBJC_MSGSEND = YES;
				ENABLE_TESTABILITY = YES;
				GCC_C_LANGUAGE_STANDARD = gnu11;
				GCC_DYNAMIC_NO_PIC = NO;
				GCC_NO_COMMON_BLOCKS = YES;
				GCC_OPTIMIZATION_LEVEL = 0;
				GCC_PREPROCESSOR_DEFINITIONS = (
					"DEBUG=1",
					"$(inherited)",
				);
				GCC_WARN_64_TO_32_BIT_CONVERSION = YES;
				GCC_WARN_ABOUT_RETURN_TYPE = YES_ERROR;
				GCC_WARN_UNDECLARED_SELECTOR = YES;
				GCC_WARN_UNINITIALIZED_AUTOS = YES_AGGRESSIVE;
				GCC_WARN_UNUSED_FUNCTION = YES;
				GCC_WARN_UNUSED_VARIABLE = YES;
				IPHONEOS_DEPLOYMENT_TARGET = 8.0;
				MTL_ENABLE_DEBUG_INFO = YES;
				ONLY_ACTIVE_ARCH = YES;
				SDKROOT = iphoneos;
			};
			name = Debug;
		};
		9BF8F29620338F3B00525B19 /* Release */ = {
			isa = XCBuildConfiguration;
			buildSettings = {
				ALWAYS_SEARCH_USER_PATHS = NO;
				CLANG_ANALYZER_NONNULL = YES;
				CLANG_ANALYZER_NUMBER_OBJECT_CONVERSION = YES_AGGRESSIVE;
				CLANG_CXX_LANGUAGE_STANDARD = "gnu++14";
				CLANG_CXX_LIBRARY = "libc++";
				CLANG_ENABLE_MODULES = YES;
				CLANG_ENABLE_OBJC_ARC = YES;
				CLANG_WARN_BLOCK_CAPTURE_AUTORELEASING = YES;
				CLANG_WARN_BOOL_CONVERSION = YES;
				CLANG_WARN_COMMA = YES;
				CLANG_WARN_CONSTANT_CONVERSION = YES;
				CLANG_WARN_DIRECT_OBJC_ISA_USAGE = YES_ERROR;
				CLANG_WARN_DOCUMENTATION_COMMENTS = YES;
				CLANG_WARN_EMPTY_BODY = YES;
				CLANG_WARN_ENUM_CONVERSION = YES;
				CLANG_WARN_INFINITE_RECURSION = YES;
				CLANG_WARN_INT_CONVERSION = YES;
				CLANG_WARN_NON_LITERAL_NULL_CONVERSION = YES;
				CLANG_WARN_OBJC_LITERAL_CONVERSION = YES;
				CLANG_WARN_OBJC_ROOT_CLASS = YES_ERROR;
				CLANG_WARN_RANGE_LOOP_ANALYSIS = YES;
				CLANG_WARN_STRICT_PROTOTYPES = YES;
				CLANG_WARN_SUSPICIOUS_MOVE = YES;
				CLANG_WARN_UNGUARDED_AVAILABILITY = YES_AGGRESSIVE;
				CLANG_WARN_UNREACHABLE_CODE = YES;
				CLANG_WARN__DUPLICATE_METHOD_MATCH = YES;
				CODE_SIGN_IDENTITY = "iPhone Developer";
				COPY_PHASE_STRIP = NO;
				DEBUG_INFORMATION_FORMAT = "dwarf-with-dsym";
				ENABLE_NS_ASSERTIONS = NO;
				ENABLE_STRICT_OBJC_MSGSEND = YES;
				GCC_C_LANGUAGE_STANDARD = gnu11;
				GCC_NO_COMMON_BLOCKS = YES;
				GCC_WARN_64_TO_32_BIT_CONVERSION = YES;
				GCC_WARN_ABOUT_RETURN_TYPE = YES_ERROR;
				GCC_WARN_UNDECLARED_SELECTOR = YES;
				GCC_WARN_UNINITIALIZED_AUTOS = YES_AGGRESSIVE;
				GCC_WARN_UNUSED_FUNCTION = YES;
				GCC_WARN_UNUSED_VARIABLE = YES;
				IPHONEOS_DEPLOYMENT_TARGET = 8.0;
				MTL_ENABLE_DEBUG_INFO = NO;
				SDKROOT = iphoneos;
				VALIDATE_PRODUCT = YES;
			};
			name = Release;
		};
		9BF8F29820338F3B00525B19 /* Debug */ = {
			isa = XCBuildConfiguration;
			baseConfigurationReference = 8B18D71DF17512EE10746132 /* Pods-QNAPhotoBrowser.debug.xcconfig */;
			buildSettings = {
				ASSETCATALOG_COMPILER_APPICON_NAME = AppIcon;
				CODE_SIGN_STYLE = Automatic;
				DEVELOPMENT_TEAM = 383HSRD9U3;
				INFOPLIST_FILE = QNAPhotoBrowser/Info.plist;
				LD_RUNPATH_SEARCH_PATHS = "$(inherited) @executable_path/Frameworks";
				PRODUCT_BUNDLE_IDENTIFIER = com.queenahu.QNAPhotoBrowser;
				PRODUCT_NAME = "$(TARGET_NAME)";
				TARGETED_DEVICE_FAMILY = "1,2";
			};
			name = Debug;
		};
		9BF8F29920338F3B00525B19 /* Release */ = {
			isa = XCBuildConfiguration;
			baseConfigurationReference = 1CAE5B4831153104DB22D069 /* Pods-QNAPhotoBrowser.release.xcconfig */;
			buildSettings = {
				ASSETCATALOG_COMPILER_APPICON_NAME = AppIcon;
				CODE_SIGN_STYLE = Automatic;
				DEVELOPMENT_TEAM = 383HSRD9U3;
				INFOPLIST_FILE = QNAPhotoBrowser/Info.plist;
				LD_RUNPATH_SEARCH_PATHS = "$(inherited) @executable_path/Frameworks";
				PRODUCT_BUNDLE_IDENTIFIER = com.queenahu.QNAPhotoBrowser;
				PRODUCT_NAME = "$(TARGET_NAME)";
				TARGETED_DEVICE_FAMILY = "1,2";
			};
			name = Release;
		};
/* End XCBuildConfiguration section */

/* Begin XCConfigurationList section */
		9BF8F27C20338F3B00525B19 /* Build configuration list for PBXProject "QNAPhotoBrowser" */ = {
			isa = XCConfigurationList;
			buildConfigurations = (
				9BF8F29520338F3B00525B19 /* Debug */,
				9BF8F29620338F3B00525B19 /* Release */,
			);
			defaultConfigurationIsVisible = 0;
			defaultConfigurationName = Release;
		};
		9BF8F29720338F3B00525B19 /* Build configuration list for PBXNativeTarget "QNAPhotoBrowser" */ = {
			isa = XCConfigurationList;
			buildConfigurations = (
				9BF8F29820338F3B00525B19 /* Debug */,
				9BF8F29920338F3B00525B19 /* Release */,
			);
			defaultConfigurationIsVisible = 0;
			defaultConfigurationName = Release;
		};
/* End XCConfigurationList section */
	};
	rootObject = 9BF8F27920338F3B00525B19 /* Project object */;
}
